
Microsoft Visual Studio Solution File, Format Version 12.00
# Visual Studio 15
VisualStudioVersion = 15.0.27130.2027
MinimumVisualStudioVersion = 10.0.40219.1
Project("{FAE04EC0-301F-11D3-BF4B-00C04F79EFBC}") = "RevitPluginSuiteRibbon", "RevitPluginSuiteRibbon\RevitPluginSuiteRibbon.csproj", "{F1972B9F-6465-4DF3-81C0-29E3D939BFFA}"
EndProject
Global
	GlobalSection(SolutionConfigurationPlatforms) = preSolution
		Debug|Any CPU = Debug|Any CPU
		Release|Any CPU = Release|Any CPU
	EndGlobalSection
	GlobalSection(ProjectConfigurationPlatforms) = postSolution
		{F1972B9F-6465-4DF3-81C0-29E3D939BFFA}.Debug|Any CPU.ActiveCfg = Debug|Any CPU
		{F1972B9F-6465-4DF3-81C0-29E3D939BFFA}.Debug|Any CPU.Build.0 = Debug|Any CPU
		{F1972B9F-6465-4DF3-81C0-29E3D939BFFA}.Release|Any CPU.ActiveCfg = Release|Any CPU
		{F1972B9F-6465-4DF3-81C0-29E3D939BFFA}.Release|Any CPU.Build.0 = Release|Any CPU
	EndGlobalSection
	GlobalSection(SolutionProperties) = preSolution
		HideSolutionNode = FALSE
	EndGlobalSection
	GlobalSection(ExtensibilityGlobals) = postSolution
		SolutionGuid = {B8EB035C-F710-4CDF-973C-F4B23165F3FD}
	EndGlobalSection
EndGlobal
